
Microsoft Visual Studio Solution File, Format Version 12.00
# Visual Studio Version 17
VisualStudioVersion = 17.13.35931.197
MinimumVisualStudioVersion = 10.0.40219.1
Project("{FAE04EC0-301F-11D3-BF4B-00C04F79EFBC}") = "WindTurbineDb", "WindTurbineDb\WindTurbineDb.csproj", "{3429D0EE-B121-4876-B100-47CE12658C1B}"
EndProject
Project("{FAE04EC0-301F-11D3-BF4B-00C04F79EFBC}") = "WindTurbine.Business", "WindTurbine.Business\WindTurbine.Business.csproj", "{85D75A46-994C-465F-9C58-76C3FC9F6EAD}"
EndProject
Project("{FAE04EC0-301F-11D3-BF4B-00C04F79EFBC}") = "WindTurbine.DataAccess", "WindTurbine.DataAccess\WindTurbine.DataAccess.csproj", "{A00246A8-48A1-41D7-998D-CEFF9771495B}"
EndProject
Project("{FAE04EC0-301F-11D3-BF4B-00C04F79EFBC}") = "WindTurbine.DTOs", "WindTurbine.DTOs\WindTurbine.DTOs.csproj", "{5E22BF4F-C627-4117-924D-0B996D06541D}"
EndProject
Project("{FAE04EC0-301F-11D3-BF4B-00C04F79EFBC}") = "WindTurbine.Entities", "WindTurbine.Entities\WindTurbine.Entities.csproj", "{C8EAA79E-DD95-497B-8D3C-8559DD469865}"
EndProject
Project("{FAE04EC0-301F-11D3-BF4B-00C04F79EFBC}") = "WindTurbine.App", "WindTurbine.App\WindTurbine.App.csproj", "{71F5E963-2C81-4821-AF0F-8F95104870A4}"
EndProject
Project("{FAE04EC0-301F-11D3-BF4B-00C04F79EFBC}") = "WindTurbine.ScadaCollector", "WindTurbine.ScadaCollector\WindTurbine.ScadaCollector.csproj", "{0ABC2F44-5B1B-41E1-9658-EECA1278BCE3}"
EndProject
Global
	GlobalSection(SolutionConfigurationPlatforms) = preSolution
		Debug|Any CPU = Debug|Any CPU
		Release|Any CPU = Release|Any CPU
	EndGlobalSection
	GlobalSection(ProjectConfigurationPlatforms) = postSolution
		{3429D0EE-B121-4876-B100-47CE12658C1B}.Debug|Any CPU.ActiveCfg = Debug|Any CPU
		{3429D0EE-B121-4876-B100-47CE12658C1B}.Debug|Any CPU.Build.0 = Debug|Any CPU
		{3429D0EE-B121-4876-B100-47CE12658C1B}.Release|Any CPU.ActiveCfg = Release|Any CPU
		{3429D0EE-B121-4876-B100-47CE12658C1B}.Release|Any CPU.Build.0 = Release|Any CPU
		{85D75A46-994C-465F-9C58-76C3FC9F6EAD}.Debug|Any CPU.ActiveCfg = Debug|Any CPU
		{85D75A46-994C-465F-9C58-76C3FC9F6EAD}.Debug|Any CPU.Build.0 = Debug|Any CPU
		{85D75A46-994C-465F-9C58-76C3FC9F6EAD}.Release|Any CPU.ActiveCfg = Release|Any CPU
		{85D75A46-994C-465F-9C58-76C3FC9F6EAD}.Release|Any CPU.Build.0 = Release|Any CPU
		{A00246A8-48A1-41D7-998D-CEFF9771495B}.Debug|Any CPU.ActiveCfg = Debug|Any CPU
		{A00246A8-48A1-41D7-998D-CEFF9771495B}.Debug|Any CPU.Build.0 = Debug|Any CPU
		{A00246A8-48A1-41D7-998D-CEFF9771495B}.Release|Any CPU.ActiveCfg = Release|Any CPU
		{A00246A8-48A1-41D7-998D-CEFF9771495B}.Release|Any CPU.Build.0 = Release|Any CPU
		{5E22BF4F-C627-4117-924D-0B996D06541D}.Debug|Any CPU.ActiveCfg = Debug|Any CPU
		{5E22BF4F-C627-4117-924D-0B996D06541D}.Debug|Any CPU.Build.0 = Debug|Any CPU
		{5E22BF4F-C627-4117-924D-0B996D06541D}.Release|Any CPU.ActiveCfg = Release|Any CPU
		{5E22BF4F-C627-4117-924D-0B996D06541D}.Release|Any CPU.Build.0 = Release|Any CPU
		{C8EAA79E-DD95-497B-8D3C-8559DD469865}.Debug|Any CPU.ActiveCfg = Debug|Any CPU
		{C8EAA79E-DD95-497B-8D3C-8559DD469865}.Debug|Any CPU.Build.0 = Debug|Any CPU
		{C8EAA79E-DD95-497B-8D3C-8559DD469865}.Release|Any CPU.ActiveCfg = Release|Any CPU
		{C8EAA79E-DD95-497B-8D3C-8559DD469865}.Release|Any CPU.Build.0 = Release|Any CPU
		{71F5E963-2C81-4821-AF0F-8F95104870A4}.Debug|Any CPU.ActiveCfg = Debug|Any CPU
		{71F5E963-2C81-4821-AF0F-8F95104870A4}.Debug|Any CPU.Build.0 = Debug|Any CPU
		{71F5E963-2C81-4821-AF0F-8F95104870A4}.Release|Any CPU.ActiveCfg = Release|Any CPU
		{71F5E963-2C81-4821-AF0F-8F95104870A4}.Release|Any CPU.Build.0 = Release|Any CPU
		{0ABC2F44-5B1B-41E1-9658-EECA1278BCE3}.Debug|Any CPU.ActiveCfg = Debug|Any CPU
		{0ABC2F44-5B1B-41E1-9658-EECA1278BCE3}.Debug|Any CPU.Build.0 = Debug|Any CPU
		{0ABC2F44-5B1B-41E1-9658-EECA1278BCE3}.Release|Any CPU.ActiveCfg = Release|Any CPU
		{0ABC2F44-5B1B-41E1-9658-EECA1278BCE3}.Release|Any CPU.Build.0 = Release|Any CPU
	EndGlobalSection
	GlobalSection(SolutionProperties) = preSolution
		HideSolutionNode = FALSE
	EndGlobalSection
	GlobalSection(ExtensibilityGlobals) = postSolution
		SolutionGuid = {5D1CEFB6-A1EB-4F9E-A225-FBA336A572A7}
	EndGlobalSection
EndGlobal
